// !$*UTF8*$!
{
	archiveVersion = 1;
	classes = {
	};
	objectVersion = 56;
	objects = {

/* Begin PBXBuildFile section */
		1D067DF52A2328400022A59B /* startScreenNONAME.png in Resources */ = {isa = PBXBuildFile; fileRef = 1D067DEF2A23283F0022A59B /* startScreenNONAME.png */; };
		1D067DF62A2328400022A59B /* GAME.png in Resources */ = {isa = PBXBuildFile; fileRef = 1D067DF02A23283F0022A59B /* GAME.png */; };
		1D067DF72A2328400022A59B /* Popup.png in Resources */ = {isa = PBXBuildFile; fileRef = 1D067DF12A23283F0022A59B /* Popup.png */; };
		1D067DF82A2328400022A59B /* startScreenWITHNAME.png in Resources */ = {isa = PBXBuildFile; fileRef = 1D067DF22A2328400022A59B /* startScreenWITHNAME.png */; };
		1D067DF92A2328400022A59B /* RESULT1.png in Resources */ = {isa = PBXBuildFile; fileRef = 1D067DF32A2328400022A59B /* RESULT1.png */; };
		1D067DFA2A2328400022A59B /* RESULT2.png in Resources */ = {isa = PBXBuildFile; fileRef = 1D067DF42A2328400022A59B /* RESULT2.png */; };
		1D0998AE2A20A2160007EB28 /* ResultViewController.swift in Sources */ = {isa = PBXBuildFile; fileRef = 1D0998AD2A20A2160007EB28 /* ResultViewController.swift */; };
		1D68ED722A1E45090051B948 /* GameViewController.swift in Sources */ = {isa = PBXBuildFile; fileRef = 1D68ED712A1E45090051B948 /* GameViewController.swift */; };
		1DCAF9072A1DF1F400F22C48 /* AppDelegate.swift in Sources */ = {isa = PBXBuildFile; fileRef = 1DCAF9062A1DF1F400F22C48 /* AppDelegate.swift */; };
		1DCAF9092A1DF1F400F22C48 /* SceneDelegate.swift in Sources */ = {isa = PBXBuildFile; fileRef = 1DCAF9082A1DF1F400F22C48 /* SceneDelegate.swift */; };
		1DCAF90B2A1DF1F400F22C48 /* MenuController.swift in Sources */ = {isa = PBXBuildFile; fileRef = 1DCAF90A2A1DF1F400F22C48 /* MenuController.swift */; };
		1DCAF90E2A1DF1F400F22C48 /* Main.storyboard in Resources */ = {isa = PBXBuildFile; fileRef = 1DCAF90C2A1DF1F400F22C48 /* Main.storyboard */; };
		1DCAF9102A1DF1F600F22C48 /* Assets.xcassets in Resources */ = {isa = PBXBuildFile; fileRef = 1DCAF90F2A1DF1F600F22C48 /* Assets.xcassets */; };
		1DCAF9132A1DF1F600F22C48 /* LaunchScreen.storyboard in Resources */ = {isa = PBXBuildFile; fileRef = 1DCAF9112A1DF1F600F22C48 /* LaunchScreen.storyboard */; };
/* End PBXBuildFile section */

/* Begin PBXFileReference section */
		1D067DEF2A23283F0022A59B /* startScreenNONAME.png */ = {isa = PBXFileReference; lastKnownFileType = image.png; path = startScreenNONAME.png; sourceTree = "<group>"; };
		1D067DF02A23283F0022A59B /* GAME.png */ = {isa = PBXFileReference; lastKnownFileType = image.png; path = GAME.png; sourceTree = "<group>"; };
		1D067DF12A23283F0022A59B /* Popup.png */ = {isa = PBXFileReference; lastKnownFileType = image.png; path = Popup.png; sourceTree = "<group>"; };
		1D067DF22A2328400022A59B /* startScreenWITHNAME.png */ = {isa = PBXFileReference; lastKnownFileType = image.png; path = startScreenWITHNAME.png; sourceTree = "<group>"; };
		1D067DF32A2328400022A59B /* RESULT1.png */ = {isa = PBXFileReference; lastKnownFileType = image.png; path = RESULT1.png; sourceTree = "<group>"; };
		1D067DF42A2328400022A59B /* RESULT2.png */ = {isa = PBXFileReference; lastKnownFileType = image.png; path = RESULT2.png; sourceTree = "<group>"; };
		1D0998AD2A20A2160007EB28 /* ResultViewController.swift */ = {isa = PBXFileReference; lastKnownFileType = sourcecode.swift; path = ResultViewController.swift; sourceTree = "<group>"; };
		1D68ED712A1E45090051B948 /* GameViewController.swift */ = {isa = PBXFileReference; lastKnownFileType = sourcecode.swift; path = GameViewController.swift; sourceTree = "<group>"; };
		1DCAF9032A1DF1F400F22C48 /* WarCardGame.app */ = {isa = PBXFileReference; explicitFileType = wrapper.application; includeInIndex = 0; path = WarCardGame.app; sourceTree = BUILT_PRODUCTS_DIR; };
		1DCAF9062A1DF1F400F22C48 /* AppDelegate.swift */ = {isa = PBXFileReference; lastKnownFileType = sourcecode.swift; path = AppDelegate.swift; sourceTree = "<group>"; };
		1DCAF9082A1DF1F400F22C48 /* SceneDelegate.swift */ = {isa = PBXFileReference; lastKnownFileType = sourcecode.swift; path = SceneDelegate.swift; sourceTree = "<group>"; };
		1DCAF90A2A1DF1F400F22C48 /* MenuController.swift */ = {isa = PBXFileReference; lastKnownFileType = sourcecode.swift; path = MenuController.swift; sourceTree = "<group>"; };
		1DCAF90D2A1DF1F400F22C48 /* Base */ = {isa = PBXFileReference; lastKnownFileType = file.storyboard; name = Base; path = Base.lproj/Main.storyboard; sourceTree = "<group>"; };
		1DCAF90F2A1DF1F600F22C48 /* Assets.xcassets */ = {isa = PBXFileReference; lastKnownFileType = folder.assetcatalog; path = Assets.xcassets; sourceTree = "<group>"; };
		1DCAF9122A1DF1F600F22C48 /* Base */ = {isa = PBXFileReference; lastKnownFileType = file.storyboard; name = Base; path = Base.lproj/LaunchScreen.storyboard; sourceTree = "<group>"; };
		1DCAF9142A1DF1F600F22C48 /* Info.plist */ = {isa = PBXFileReference; lastKnownFileType = text.plist.xml; path = Info.plist; sourceTree = "<group>"; };
/* End PBXFileReference section */

/* Begin PBXFrameworksBuildPhase section */
		1DCAF9002A1DF1F400F22C48 /* Frameworks */ = {
			isa = PBXFrameworksBuildPhase;
			buildActionMask = 2147483647;
			files = (
			);
			runOnlyForDeploymentPostprocessing = 0;
		};
/* End PBXFrameworksBuildPhase section */

/* Begin PBXGroup section */
		1D067DEE2A2326EF0022A59B /* Images */ = {
			isa = PBXGroup;
			children = (
				1D067DF02A23283F0022A59B /* GAME.png */,
				1D067DF12A23283F0022A59B /* Popup.png */,
				1D067DF32A2328400022A59B /* RESULT1.png */,
				1D067DF42A2328400022A59B /* RESULT2.png */,
				1D067DEF2A23283F0022A59B /* startScreenNONAME.png */,
				1D067DF22A2328400022A59B /* startScreenWITHNAME.png */,
			);
			path = Images;
			sourceTree = "<group>";
		};
		1D0998AC2A207D1F0007EB28 /* Controllers */ = {
			isa = PBXGroup;
			children = (
				1DCAF90A2A1DF1F400F22C48 /* MenuController.swift */,
				1D68ED712A1E45090051B948 /* GameViewController.swift */,
				1D0998AD2A20A2160007EB28 /* ResultViewController.swift */,
			);
			path = Controllers;
			sourceTree = "<group>";
		};
		1DCAF8FA2A1DF1F400F22C48 = {
			isa = PBXGroup;
			children = (
				1D067DEE2A2326EF0022A59B /* Images */,
				1DCAF9052A1DF1F400F22C48 /* WarCardGame */,
				1DCAF9042A1DF1F400F22C48 /* Products */,
			);
			sourceTree = "<group>";
		};
		1DCAF9042A1DF1F400F22C48 /* Products */ = {
			isa = PBXGroup;
			children = (
				1DCAF9032A1DF1F400F22C48 /* WarCardGame.app */,
			);
			name = Products;
			sourceTree = "<group>";
		};
		1DCAF9052A1DF1F400F22C48 /* WarCardGame */ = {
			isa = PBXGroup;
			children = (
				1DCAF9062A1DF1F400F22C48 /* AppDelegate.swift */,
				1DCAF9082A1DF1F400F22C48 /* SceneDelegate.swift */,
				1D0998AC2A207D1F0007EB28 /* Controllers */,
				1DCAF90C2A1DF1F400F22C48 /* Main.storyboard */,
				1DCAF90F2A1DF1F600F22C48 /* Assets.xcassets */,
				1DCAF9112A1DF1F600F22C48 /* LaunchScreen.storyboard */,
				1DCAF9142A1DF1F600F22C48 /* Info.plist */,
			);
			path = WarCardGame;
			sourceTree = "<group>";
		};
/* End PBXGroup section */

/* Begin PBXNativeTarget section */
		1DCAF9022A1DF1F400F22C48 /* WarCardGame */ = {
			isa = PBXNativeTarget;
			buildConfigurationList = 1DCAF9172A1DF1F600F22C48 /* Build configuration list for PBXNativeTarget "WarCardGame" */;
			buildPhases = (
				1DCAF8FF2A1DF1F400F22C48 /* Sources */,
				1DCAF9002A1DF1F400F22C48 /* Frameworks */,
				1DCAF9012A1DF1F400F22C48 /* Resources */,
			);
			buildRules = (
			);
			dependencies = (
			);
			name = WarCardGame;
			productName = WarCardGame;
			productReference = 1DCAF9032A1DF1F400F22C48 /* WarCardGame.app */;
			productType = "com.apple.product-type.application";
		};
/* End PBXNativeTarget section */

/* Begin PBXProject section */
		1DCAF8FB2A1DF1F400F22C48 /* Project object */ = {
			isa = PBXProject;
			attributes = {
				BuildIndependentTargetsInParallel = 1;
				LastSwiftUpdateCheck = 1430;
				LastUpgradeCheck = 1430;
				TargetAttributes = {
					1DCAF9022A1DF1F400F22C48 = {
						CreatedOnToolsVersion = 14.3;
					};
				};
			};
			buildConfigurationList = 1DCAF8FE2A1DF1F400F22C48 /* Build configuration list for PBXProject "WarCardGame" */;
			compatibilityVersion = "Xcode 14.0";
			developmentRegion = en;
			hasScannedForEncodings = 0;
			knownRegions = (
				en,
				Base,
			);
			mainGroup = 1DCAF8FA2A1DF1F400F22C48;
			productRefGroup = 1DCAF9042A1DF1F400F22C48 /* Products */;
			projectDirPath = "";
			projectRoot = "";
			targets = (
				1DCAF9022A1DF1F400F22C48 /* WarCardGame */,
			);
		};
/* End PBXProject section */

/* Begin PBXResourcesBuildPhase section */
		1DCAF9012A1DF1F400F22C48 /* Resources */ = {
			isa = PBXResourcesBuildPhase;
			buildActionMask = 2147483647;
			files = (
				1D067DF72A2328400022A59B /* Popup.png in Resources */,
				1D067DF52A2328400022A59B /* startScreenNONAME.png in Resources */,
				1DCAF9132A1DF1F600F22C48 /* LaunchScreen.storyboard in Resources */,
				1D067DF62A2328400022A59B /* GAME.png in Resources */,
				1DCAF9102A1DF1F600F22C48 /* Assets.xcassets in Resources */,
				1D067DF82A2328400022A59B /* startScreenWITHNAME.png in Resources */,
				1D067DF92A2328400022A59B /* RESULT1.png in Resources */,
				1D067DFA2A2328400022A59B /* RESULT2.png in Resources */,
				1DCAF90E2A1DF1F400F22C48 /* Main.storyboard in Resources */,
			);
			runOnlyForDeploymentPostprocessing = 0;
		};
/* End PBXResourcesBuildPhase section */

/* Begin PBXSourcesBuildPhase section */
		1DCAF8FF2A1DF1F400F22C48 /* Sources */ = {
			isa = PBXSourcesBuildPhase;
			buildActionMask = 2147483647;
			files = (
				1D0998AE2A20A2160007EB28 /* ResultViewController.swift in Sources */,
				1D68ED722A1E45090051B948 /* GameViewController.swift in Sources */,
				1DCAF90B2A1DF1F400F22C48 /* MenuController.swift in Sources */,
				1DCAF9072A1DF1F400F22C48 /* AppDelegate.swift in Sources */,
				1DCAF9092A1DF1F400F22C48 /* SceneDelegate.swift in Sources */,
			);
			runOnlyForDeploymentPostprocessing = 0;
		};
/* End PBXSourcesBuildPhase section */

/* Begin PBXVariantGroup section */
		1DCAF90C2A1DF1F400F22C48 /* Main.storyboard */ = {
			isa = PBXVariantGroup;
			children = (
				1DCAF90D2A1DF1F400F22C48 /* Base */,
			);
			name = Main.storyboard;
			sourceTree = "<group>";
		};
		1DCAF9112A1DF1F600F22C48 /* LaunchScreen.storyboard */ = {
			isa = PBXVariantGroup;
			children = (
				1DCAF9122A1DF1F600F22C48 /* Base */,
			);
			name = LaunchScreen.storyboard;
			sourceTree = "<group>";
		};
/* End PBXVariantGroup section */

/* Begin XCBuildConfiguration section */
		1DCAF9152A1DF1F600F22C48 /* Debug */ = {
			isa = XCBuildConfiguration;
			buildSettings = {
				ALWAYS_SEARCH_USER_PATHS = NO;
				CLANG_ANALYZER_NONNULL = YES;
				CLANG_ANALYZER_NUMBER_OBJECT_CONVERSION = YES_AGGRESSIVE;
				CLANG_CXX_LANGUAGE_STANDARD = "gnu++20";
				CLANG_ENABLE_MODULES = YES;
				CLANG_ENABLE_OBJC_ARC = YES;
				CLANG_ENABLE_OBJC_WEAK = YES;
				CLANG_WARN_BLOCK_CAPTURE_AUTORELEASING = YES;
				CLANG_WARN_BOOL_CONVERSION = YES;
				CLANG_WARN_COMMA = YES;
				CLANG_WARN_CONSTANT_CONVERSION = YES;
				CLANG_WARN_DEPRECATED_OBJC_IMPLEMENTATIONS = YES;
				CLANG_WARN_DIRECT_OBJC_ISA_USAGE = YES_ERROR;
				CLANG_WARN_DOCUMENTATION_COMMENTS = YES;
				CLANG_WARN_EMPTY_BODY = YES;
				CLANG_WARN_ENUM_CONVERSION = YES;
				CLANG_WARN_INFINITE_RECURSION = YES;
				CLANG_WARN_INT_CONVERSION = YES;
				CLANG_WARN_NON_LITERAL_NULL_CONVERSION = YES;
				CLANG_WARN_OBJC_IMPLICIT_RETAIN_SELF = YES;
				CLANG_WARN_OBJC_LITERAL_CONVERSION = YES;
				CLANG_WARN_OBJC_ROOT_CLASS = YES_ERROR;
				CLANG_WARN_QUOTED_INCLUDE_IN_FRAMEWORK_HEADER = YES;
				CLANG_WARN_RANGE_LOOP_ANALYSIS = YES;
				CLANG_WARN_STRICT_PROTOTYPES = YES;
				CLANG_WARN_SUSPICIOUS_MOVE = YES;
				CLANG_WARN_UNGUARDED_AVAILABILITY = YES_AGGRESSIVE;
				CLANG_WARN_UNREACHABLE_CODE = YES;
				CLANG_WARN__DUPLICATE_METHOD_MATCH = YES;
				COPY_PHASE_STRIP = NO;
				DEBUG_INFORMATION_FORMAT = dwarf;
				ENABLE_STRICT_OBJC_MSGSEND = YES;
				ENABLE_TESTABILITY = YES;
				GCC_C_LANGUAGE_STANDARD = gnu11;
				GCC_DYNAMIC_NO_PIC = NO;
				GCC_NO_COMMON_BLOCKS = YES;
				GCC_OPTIMIZATION_LEVEL = 0;
				GCC_PREPROCESSOR_DEFINITIONS = (
					"DEBUG=1",
					"$(inherited)",
				);
				GCC_WARN_64_TO_32_BIT_CONVERSION = YES;
				GCC_WARN_ABOUT_RETURN_TYPE = YES_ERROR;
				GCC_WARN_UNDECLARED_SELECTOR = YES;
				GCC_WARN_UNINITIALIZED_AUTOS = YES_AGGRESSIVE;
				GCC_WARN_UNUSED_FUNCTION = YES;
				GCC_WARN_UNUSED_VARIABLE = YES;
				IPHONEOS_DEPLOYMENT_TARGET = 16.4;
				MTL_ENABLE_DEBUG_INFO = INCLUDE_SOURCE;
				MTL_FAST_MATH = YES;
				ONLY_ACTIVE_ARCH = YES;
				SDKROOT = iphoneos;
				SWIFT_ACTIVE_COMPILATION_CONDITIONS = DEBUG;
				SWIFT_OPTIMIZATION_LEVEL = "-Onone";
			};
			name = Debug;
		};
		1DCAF9162A1DF1F600F22C48 /* Release */ = {
			isa = XCBuildConfiguration;
			buildSettings = {
				ALWAYS_SEARCH_USER_PATHS = NO;
				CLANG_ANALYZER_NONNULL = YES;
				CLANG_ANALYZER_NUMBER_OBJECT_CONVERSION = YES_AGGRESSIVE;
				CLANG_CXX_LANGUAGE_STANDARD = "gnu++20";
				CLANG_ENABLE_MODULES = YES;
				CLANG_ENABLE_OBJC_ARC = YES;
				CLANG_ENABLE_OBJC_WEAK = YES;
				CLANG_WARN_BLOCK_CAPTURE_AUTORELEASING = YES;
				CLANG_WARN_BOOL_CONVERSION = YES;
				CLANG_WARN_COMMA = YES;
				CLANG_WARN_CONSTANT_CONVERSION = YES;
				CLANG_WARN_DEPRECATED_OBJC_IMPLEMENTATIONS = YES;
				CLANG_WARN_DIRECT_OBJC_ISA_USAGE = YES_ERROR;
				CLANG_WARN_DOCUMENTATION_COMMENTS = YES;
				CLANG_WARN_EMPTY_BODY = YES;
				CLANG_WARN_ENUM_CONVERSION = YES;
				CLANG_WARN_INFINITE_RECURSION = YES;
				CLANG_WARN_INT_CONVERSION = YES;
				CLANG_WARN_NON_LITERAL_NULL_CONVERSION = YES;
				CLANG_WARN_OBJC_IMPLICIT_RETAIN_SELF = YES;
				CLANG_WARN_OBJC_LITERAL_CONVERSION = YES;
				CLANG_WARN_OBJC_ROOT_CLASS = YES_ERROR;
				CLANG_WARN_QUOTED_INCLUDE_IN_FRAMEWORK_HEADER = YES;
				CLANG_WARN_RANGE_LOOP_ANALYSIS = YES;
				CLANG_WARN_STRICT_PROTOTYPES = YES;
				CLANG_WARN_SUSPICIOUS_MOVE = YES;
				CLANG_WARN_UNGUARDED_AVAILABILITY = YES_AGGRESSIVE;
				CLANG_WARN_UNREACHABLE_CODE = YES;
				CLANG_WARN__DUPLICATE_METHOD_MATCH = YES;
				COPY_PHASE_STRIP = NO;
				DEBUG_INFORMATION_FORMAT = "dwarf-with-dsym";
				ENABLE_NS_ASSERTIONS = NO;
				ENABLE_STRICT_OBJC_MSGSEND = YES;
				GCC_C_LANGUAGE_STANDARD = gnu11;
				GCC_NO_COMMON_BLOCKS = YES;
				GCC_WARN_64_TO_32_BIT_CONVERSION = YES;
				GCC_WARN_ABOUT_RETURN_TYPE = YES_ERROR;
				GCC_WARN_UNDECLARED_SELECTOR = YES;
				GCC_WARN_UNINITIALIZED_AUTOS = YES_AGGRESSIVE;
				GCC_WARN_UNUSED_FUNCTION = YES;
				GCC_WARN_UNUSED_VARIABLE = YES;
				IPHONEOS_DEPLOYMENT_TARGET = 16.4;
				MTL_ENABLE_DEBUG_INFO = NO;
				MTL_FAST_MATH = YES;
				SDKROOT = iphoneos;
				SWIFT_COMPILATION_MODE = wholemodule;
				SWIFT_OPTIMIZATION_LEVEL = "-O";
				VALIDATE_PRODUCT = YES;
			};
			name = Release;
		};
		1DCAF9182A1DF1F600F22C48 /* Debug */ = {
			isa = XCBuildConfiguration;
			buildSettings = {
				ASSETCATALOG_COMPILER_APPICON_NAME = AppIcon;
				ASSETCATALOG_COMPILER_GLOBAL_ACCENT_COLOR_NAME = AccentColor;
				CODE_SIGN_STYLE = Automatic;
				CURRENT_PROJECT_VERSION = 1;
				DEVELOPMENT_TEAM = 3J8698ZAYC;
				GENERATE_INFOPLIST_FILE = YES;
				INFOPLIST_FILE = WarCardGame/Info.plist;
				INFOPLIST_KEY_UIApplicationSupportsIndirectInputEvents = YES;
				INFOPLIST_KEY_UILaunchStoryboardName = LaunchScreen;
				INFOPLIST_KEY_UIMainStoryboardFile = Main;
				INFOPLIST_KEY_UISupportedInterfaceOrientations = "UIInterfaceOrientationLandscapeLeft UIInterfaceOrientationLandscapeRight";
				INFOPLIST_KEY_UISupportedInterfaceOrientations_iPad = "UIInterfaceOrientationLandscapeLeft UIInterfaceOrientationLandscapeRight UIInterfaceOrientationPortrait UIInterfaceOrientationPortraitUpsideDown";
				LD_RUNPATH_SEARCH_PATHS = (
					"$(inherited)",
					"@executable_path/Frameworks",
				);
				MARKETING_VERSION = 1.0;
				PRODUCT_BUNDLE_IDENTIFIER = com.liranfain.WarCardGame;
				PRODUCT_NAME = "$(TARGET_NAME)";
				SUPPORTED_PLATFORMS = "iphoneos iphonesimulator";
				SUPPORTS_MACCATALYST = NO;
				SUPPORTS_MAC_DESIGNED_FOR_IPHONE_IPAD = NO;
				SWIFT_EMIT_LOC_STRINGS = YES;
				SWIFT_VERSION = 5.0;
				TARGETED_DEVICE_FAMILY = 1;
			};
			name = Debug;
		};
		1DCAF9192A1DF1F600F22C48 /* Release */ = {
			isa = XCBuildConfiguration;
			buildSettings = {
				ASSETCATALOG_COMPILER_APPICON_NAME = AppIcon;
				ASSETCATALOG_COMPILER_GLOBAL_ACCENT_COLOR_NAME = AccentColor;
				CODE_SIGN_STYLE = Automatic;
				CURRENT_PROJECT_VERSION = 1;
				DEVELOPMENT_TEAM = 3J8698ZAYC;
				GENERATE_INFOPLIST_FILE = YES;
				INFOPLIST_FILE = WarCardGame/Info.plist;
				INFOPLIST_KEY_UIApplicationSupportsIndirectInputEvents = YES;
				INFOPLIST_KEY_UILaunchStoryboardName = LaunchScreen;
				INFOPLIST_KEY_UIMainStoryboardFile = Main;
				INFOPLIST_KEY_UISupportedInterfaceOrientations = "UIInterfaceOrientationLandscapeLeft UIInterfaceOrientationLandscapeRight";
				INFOPLIST_KEY_UISupportedInterfaceOrientations_iPad = "UIInterfaceOrientationLandscapeLeft UIInterfaceOrientationLandscapeRight UIInterfaceOrientationPortrait UIInterfaceOrientationPortraitUpsideDown";
				LD_RUNPATH_SEARCH_PATHS = (
					"$(inherited)",
					"@executable_path/Frameworks",
				);
				MARKETING_VERSION = 1.0;
				PRODUCT_BUNDLE_IDENTIFIER = com.liranfain.WarCardGame;
				PRODUCT_NAME = "$(TARGET_NAME)";
				SUPPORTED_PLATFORMS = "iphoneos iphonesimulator";
				SUPPORTS_MACCATALYST = NO;
				SUPPORTS_MAC_DESIGNED_FOR_IPHONE_IPAD = NO;
				SWIFT_EMIT_LOC_STRINGS = YES;
				SWIFT_VERSION = 5.0;
				TARGETED_DEVICE_FAMILY = 1;
			};
			name = Release;
		};
/* End XCBuildConfiguration section */

/* Begin XCConfigurationList section */
		1DCAF8FE2A1DF1F400F22C48 /* Build configuration list for PBXProject "WarCardGame" */ = {
			isa = XCConfigurationList;
			buildConfigurations = (
				1DCAF9152A1DF1F600F22C48 /* Debug */,
				1DCAF9162A1DF1F600F22C48 /* Release */,
			);
			defaultConfigurationIsVisible = 0;
			defaultConfigurationName = Release;
		};
		1DCAF9172A1DF1F600F22C48 /* Build configuration list for PBXNativeTarget "WarCardGame" */ = {
			isa = XCConfigurationList;
			buildConfigurations = (
				1DCAF9182A1DF1F600F22C48 /* Debug */,
				1DCAF9192A1DF1F600F22C48 /* Release */,
			);
			defaultConfigurationIsVisible = 0;
			defaultConfigurationName = Release;
		};
/* End XCConfigurationList section */
	};
	rootObject = 1DCAF8FB2A1DF1F400F22C48 /* Project object */;
}
